// !$*UTF8*$!
{
	archiveVersion = 1;
	classes = {
	};
	objectVersion = 48;
	objects = {

/* Begin PBXBuildFile section */
		6110238C2188570C002E4D9E /* Pinch.swift in Sources */ = {isa = PBXBuildFile; fileRef = 6110238B2188570C002E4D9E /* Pinch.swift */; };
		6110238E21885C56002E4D9E /* Vector.swift in Sources */ = {isa = PBXBuildFile; fileRef = 6110238D21885C56002E4D9E /* Vector.swift */; };
		614A12DD2187B1910091421D /* art.scnassets in Resources */ = {isa = PBXBuildFile; fileRef = 614A12DC2187B1910091421D /* art.scnassets */; };
		614A12E7218804FB0091421D /* Configuration.swift in Sources */ = {isa = PBXBuildFile; fileRef = 614A12E6218804FB0091421D /* Configuration.swift */; };
		614A12EB218805880091421D /* RootViewModel.swift in Sources */ = {isa = PBXBuildFile; fileRef = 614A12EA218805880091421D /* RootViewModel.swift */; };
		614A12ED2188185F0091421D /* RootARDelegate.swift in Sources */ = {isa = PBXBuildFile; fileRef = 614A12EC2188185F0091421D /* RootARDelegate.swift */; };
		614A12EF2188186E0091421D /* RootGestureDelegate.swift in Sources */ = {isa = PBXBuildFile; fileRef = 614A12EE2188186E0091421D /* RootGestureDelegate.swift */; };
		614A12F321881D7B0091421D /* Plane.swift in Sources */ = {isa = PBXBuildFile; fileRef = 614A12F221881D7B0091421D /* Plane.swift */; };
		614A12F521881F170091421D /* Node.swift in Sources */ = {isa = PBXBuildFile; fileRef = 614A12F421881F170091421D /* Node.swift */; };
		614A12F7218834370091421D /* ShipNode.swift in Sources */ = {isa = PBXBuildFile; fileRef = 614A12F6218834370091421D /* ShipNode.swift */; };
		618DDF022187975200CFE2B8 /* CheckWinner.swift in Sources */ = {isa = PBXBuildFile; fileRef = 618DDEFF2187975200CFE2B8 /* CheckWinner.swift */; };
		618DDF032187975200CFE2B8 /* Cell.swift in Sources */ = {isa = PBXBuildFile; fileRef = 618DDF002187975200CFE2B8 /* Cell.swift */; };
		618DDF042187975200CFE2B8 /* Cube.swift in Sources */ = {isa = PBXBuildFile; fileRef = 618DDF012187975200CFE2B8 /* Cube.swift */; };
		638A9CEE1FBA0605001D52ED /* AppDelegate.swift in Sources */ = {isa = PBXBuildFile; fileRef = 638A9CED1FBA0605001D52ED /* AppDelegate.swift */; };
		638A9CF01FBA0605001D52ED /* ViewController.swift in Sources */ = {isa = PBXBuildFile; fileRef = 638A9CEF1FBA0605001D52ED /* ViewController.swift */; };
		638A9CF31FBA0605001D52ED /* Main.storyboard in Resources */ = {isa = PBXBuildFile; fileRef = 638A9CF11FBA0605001D52ED /* Main.storyboard */; };
		638A9CF51FBA0605001D52ED /* Assets.xcassets in Resources */ = {isa = PBXBuildFile; fileRef = 638A9CF41FBA0605001D52ED /* Assets.xcassets */; };
		638A9CF81FBA0605001D52ED /* LaunchScreen.storyboard in Resources */ = {isa = PBXBuildFile; fileRef = 638A9CF61FBA0605001D52ED /* LaunchScreen.storyboard */; };
/* End PBXBuildFile section */

/* Begin PBXFileReference section */
		6110238B2188570C002E4D9E /* Pinch.swift */ = {isa = PBXFileReference; lastKnownFileType = sourcecode.swift; path = Pinch.swift; sourceTree = "<group>"; };
		6110238D21885C56002E4D9E /* Vector.swift */ = {isa = PBXFileReference; lastKnownFileType = sourcecode.swift; path = Vector.swift; sourceTree = "<group>"; };
		614A12DC2187B1910091421D /* art.scnassets */ = {isa = PBXFileReference; lastKnownFileType = wrapper.scnassets; path = art.scnassets; sourceTree = "<group>"; };
		614A12E6218804FB0091421D /* Configuration.swift */ = {isa = PBXFileReference; lastKnownFileType = sourcecode.swift; path = Configuration.swift; sourceTree = "<group>"; };
		614A12EA218805880091421D /* RootViewModel.swift */ = {isa = PBXFileReference; lastKnownFileType = sourcecode.swift; path = RootViewModel.swift; sourceTree = "<group>"; };
		614A12EC2188185F0091421D /* RootARDelegate.swift */ = {isa = PBXFileReference; lastKnownFileType = sourcecode.swift; path = RootARDelegate.swift; sourceTree = "<group>"; };
		614A12EE2188186E0091421D /* RootGestureDelegate.swift */ = {isa = PBXFileReference; lastKnownFileType = sourcecode.swift; path = RootGestureDelegate.swift; sourceTree = "<group>"; };
		614A12F221881D7B0091421D /* Plane.swift */ = {isa = PBXFileReference; lastKnownFileType = sourcecode.swift; path = Plane.swift; sourceTree = "<group>"; };
		614A12F421881F170091421D /* Node.swift */ = {isa = PBXFileReference; lastKnownFileType = sourcecode.swift; path = Node.swift; sourceTree = "<group>"; };
		614A12F6218834370091421D /* ShipNode.swift */ = {isa = PBXFileReference; lastKnownFileType = sourcecode.swift; path = ShipNode.swift; sourceTree = "<group>"; };
		618DDEFF2187975200CFE2B8 /* CheckWinner.swift */ = {isa = PBXFileReference; fileEncoding = 4; lastKnownFileType = sourcecode.swift; path = CheckWinner.swift; sourceTree = "<group>"; };
		618DDF002187975200CFE2B8 /* Cell.swift */ = {isa = PBXFileReference; fileEncoding = 4; lastKnownFileType = sourcecode.swift; path = Cell.swift; sourceTree = "<group>"; };
		618DDF012187975200CFE2B8 /* Cube.swift */ = {isa = PBXFileReference; fileEncoding = 4; lastKnownFileType = sourcecode.swift; path = Cube.swift; sourceTree = "<group>"; };
		638A9CEA1FBA0605001D52ED /* ARKitHorizontalPlaneDemo.app */ = {isa = PBXFileReference; explicitFileType = wrapper.application; includeInIndex = 0; path = ARKitHorizontalPlaneDemo.app; sourceTree = BUILT_PRODUCTS_DIR; };
		638A9CED1FBA0605001D52ED /* AppDelegate.swift */ = {isa = PBXFileReference; lastKnownFileType = sourcecode.swift; path = AppDelegate.swift; sourceTree = "<group>"; };
		638A9CEF1FBA0605001D52ED /* ViewController.swift */ = {isa = PBXFileReference; lastKnownFileType = sourcecode.swift; path = ViewController.swift; sourceTree = "<group>"; };
		638A9CF21FBA0605001D52ED /* Base */ = {isa = PBXFileReference; lastKnownFileType = file.storyboard; name = Base; path = Base.lproj/Main.storyboard; sourceTree = "<group>"; };
		638A9CF41FBA0605001D52ED /* Assets.xcassets */ = {isa = PBXFileReference; lastKnownFileType = folder.assetcatalog; path = Assets.xcassets; sourceTree = "<group>"; };
		638A9CF71FBA0605001D52ED /* Base */ = {isa = PBXFileReference; lastKnownFileType = file.storyboard; name = Base; path = Base.lproj/LaunchScreen.storyboard; sourceTree = "<group>"; };
		638A9CF91FBA0605001D52ED /* Info.plist */ = {isa = PBXFileReference; lastKnownFileType = text.plist.xml; path = Info.plist; sourceTree = "<group>"; };
/* End PBXFileReference section */

/* Begin PBXFrameworksBuildPhase section */
		638A9CE71FBA0605001D52ED /* Frameworks */ = {
			isa = PBXFrameworksBuildPhase;
			buildActionMask = 2147483647;
			files = (
			);
			runOnlyForDeploymentPostprocessing = 0;
		};
/* End PBXFrameworksBuildPhase section */

/* Begin PBXGroup section */
		614A12DE2187F9540091421D /* Controllers */ = {
			isa = PBXGroup;
			children = (
				614A12E02187F9750091421D /* RootViewController */,
			);
			path = Controllers;
			sourceTree = "<group>";
		};
		614A12DF2187F95E0091421D /* App Delegate */ = {
			isa = PBXGroup;
			children = (
				638A9CED1FBA0605001D52ED /* AppDelegate.swift */,
			);
			path = "App Delegate";
			sourceTree = "<group>";
		};
		614A12E02187F9750091421D /* RootViewController */ = {
			isa = PBXGroup;
			children = (
				638A9CEF1FBA0605001D52ED /* ViewController.swift */,
				614A12E9218805750091421D /* RootViewModel */,
				614A12E82188053F0091421D /* Delegates */,
			);
			path = RootViewController;
			sourceTree = "<group>";
		};
		614A12E12187F9850091421D /* Models */ = {
			isa = PBXGroup;
			children = (
				618DDF002187975200CFE2B8 /* Cell.swift */,
				618DDEFF2187975200CFE2B8 /* CheckWinner.swift */,
				618DDF012187975200CFE2B8 /* Cube.swift */,
				614A12F221881D7B0091421D /* Plane.swift */,
				614A12F421881F170091421D /* Node.swift */,
				614A12F6218834370091421D /* ShipNode.swift */,
				6110238B2188570C002E4D9E /* Pinch.swift */,
				6110238D21885C56002E4D9E /* Vector.swift */,
			);
			path = Models;
			sourceTree = "<group>";
		};
		614A12E22187F9960091421D /* Storyboard */ = {
			isa = PBXGroup;
			children = (
				638A9CF11FBA0605001D52ED /* Main.storyboard */,
				638A9CF61FBA0605001D52ED /* LaunchScreen.storyboard */,
			);
			path = Storyboard;
			sourceTree = "<group>";
		};
		614A12E32187FA270091421D /* Supporting Files */ = {
			isa = PBXGroup;
			children = (
				638A9CF91FBA0605001D52ED /* Info.plist */,
			);
			path = "Supporting Files";
			sourceTree = "<group>";
		};
		614A12E42187FA3E0091421D /* 3D Resources */ = {
			isa = PBXGroup;
			children = (
				638A9CF41FBA0605001D52ED /* Assets.xcassets */,
				614A12DC2187B1910091421D /* art.scnassets */,
			);
			path = "3D Resources";
			sourceTree = "<group>";
		};
		614A12E5218804EC0091421D /* Configuration */ = {
			isa = PBXGroup;
			children = (
				614A12E6218804FB0091421D /* Configuration.swift */,
			);
			path = Configuration;
			sourceTree = "<group>";
		};
		614A12E82188053F0091421D /* Delegates */ = {
			isa = PBXGroup;
			children = (
				614A12EC2188185F0091421D /* RootARDelegate.swift */,
				614A12EE2188186E0091421D /* RootGestureDelegate.swift */,
			);
			path = Delegates;
			sourceTree = "<group>";
		};
		614A12E9218805750091421D /* RootViewModel */ = {
			isa = PBXGroup;
			children = (
				614A12EA218805880091421D /* RootViewModel.swift */,
			);
			path = RootViewModel;
			sourceTree = "<group>";
		};
		638A9CE11FBA0604001D52ED = {
			isa = PBXGroup;
			children = (
				638A9CEC1FBA0605001D52ED /* ARKitHorizontalPlaneDemo */,
				638A9CEB1FBA0605001D52ED /* Products */,
			);
			sourceTree = "<group>";
		};
		638A9CEB1FBA0605001D52ED /* Products */ = {
			isa = PBXGroup;
			children = (
				638A9CEA1FBA0605001D52ED /* ARKitHorizontalPlaneDemo.app */,
			);
			name = Products;
			sourceTree = "<group>";
		};
		638A9CEC1FBA0605001D52ED /* ARKitHorizontalPlaneDemo */ = {
			isa = PBXGroup;
			children = (
				614A12E5218804EC0091421D /* Configuration */,
				614A12E42187FA3E0091421D /* 3D Resources */,
				614A12E32187FA270091421D /* Supporting Files */,
				614A12E22187F9960091421D /* Storyboard */,
				614A12E12187F9850091421D /* Models */,
				614A12DF2187F95E0091421D /* App Delegate */,
				614A12DE2187F9540091421D /* Controllers */,
			);
			path = ARKitHorizontalPlaneDemo;
			sourceTree = "<group>";
		};
/* End PBXGroup section */

/* Begin PBXNativeTarget section */
		638A9CE91FBA0605001D52ED /* ARKitHorizontalPlaneDemo */ = {
			isa = PBXNativeTarget;
			buildConfigurationList = 638A9CFC1FBA0605001D52ED /* Build configuration list for PBXNativeTarget "ARKitHorizontalPlaneDemo" */;
			buildPhases = (
				638A9CE61FBA0605001D52ED /* Sources */,
				638A9CE71FBA0605001D52ED /* Frameworks */,
				638A9CE81FBA0605001D52ED /* Resources */,
			);
			buildRules = (
			);
			dependencies = (
			);
			name = ARKitHorizontalPlaneDemo;
			productName = ARKitHorizontalPlaneDemo;
			productReference = 638A9CEA1FBA0605001D52ED /* ARKitHorizontalPlaneDemo.app */;
			productType = "com.apple.product-type.application";
		};
/* End PBXNativeTarget section */

/* Begin PBXProject section */
		638A9CE21FBA0604001D52ED /* Project object */ = {
			isa = PBXProject;
			attributes = {
				LastSwiftUpdateCheck = 0910;
				LastUpgradeCheck = 1000;
				ORGANIZATIONNAME = eye_Ohh_ess;
				TargetAttributes = {
					638A9CE91FBA0605001D52ED = {
						CreatedOnToolsVersion = 9.1;
						LastSwiftMigration = 1000;
						ProvisioningStyle = Automatic;
					};
				};
			};
			buildConfigurationList = 638A9CE51FBA0604001D52ED /* Build configuration list for PBXProject "ARKitHorizontalPlaneDemo" */;
			compatibilityVersion = "Xcode 8.0";
			developmentRegion = en;
			hasScannedForEncodings = 0;
			knownRegions = (
				en,
				Base,
			);
			mainGroup = 638A9CE11FBA0604001D52ED;
			productRefGroup = 638A9CEB1FBA0605001D52ED /* Products */;
			projectDirPath = "";
			projectRoot = "";
			targets = (
				638A9CE91FBA0605001D52ED /* ARKitHorizontalPlaneDemo */,
			);
		};
/* End PBXProject section */

/* Begin PBXResourcesBuildPhase section */
		638A9CE81FBA0605001D52ED /* Resources */ = {
			isa = PBXResourcesBuildPhase;
			buildActionMask = 2147483647;
			files = (
				638A9CF81FBA0605001D52ED /* LaunchScreen.storyboard in Resources */,
				614A12DD2187B1910091421D /* art.scnassets in Resources */,
				638A9CF51FBA0605001D52ED /* Assets.xcassets in Resources */,
				638A9CF31FBA0605001D52ED /* Main.storyboard in Resources */,
			);
			runOnlyForDeploymentPostprocessing = 0;
		};
/* End PBXResourcesBuildPhase section */

/* Begin PBXSourcesBuildPhase section */
		638A9CE61FBA0605001D52ED /* Sources */ = {
			isa = PBXSourcesBuildPhase;
			buildActionMask = 2147483647;
			files = (
				614A12E7218804FB0091421D /* Configuration.swift in Sources */,
				614A12EF2188186E0091421D /* RootGestureDelegate.swift in Sources */,
				614A12ED2188185F0091421D /* RootARDelegate.swift in Sources */,
				614A12F7218834370091421D /* ShipNode.swift in Sources */,
				614A12F521881F170091421D /* Node.swift in Sources */,
				614A12EB218805880091421D /* RootViewModel.swift in Sources */,
				618DDF022187975200CFE2B8 /* CheckWinner.swift in Sources */,
				618DDF042187975200CFE2B8 /* Cube.swift in Sources */,
				618DDF032187975200CFE2B8 /* Cell.swift in Sources */,
				638A9CF01FBA0605001D52ED /* ViewController.swift in Sources */,
				6110238E21885C56002E4D9E /* Vector.swift in Sources */,
				638A9CEE1FBA0605001D52ED /* AppDelegate.swift in Sources */,
				614A12F321881D7B0091421D /* Plane.swift in Sources */,
				6110238C2188570C002E4D9E /* Pinch.swift in Sources */,
			);
			runOnlyForDeploymentPostprocessing = 0;
		};
/* End PBXSourcesBuildPhase section */

/* Begin PBXVariantGroup section */
		638A9CF11FBA0605001D52ED /* Main.storyboard */ = {
			isa = PBXVariantGroup;
			children = (
				638A9CF21FBA0605001D52ED /* Base */,
			);
			name = Main.storyboard;
			sourceTree = "<group>";
		};
		638A9CF61FBA0605001D52ED /* LaunchScreen.storyboard */ = {
			isa = PBXVariantGroup;
			children = (
				638A9CF71FBA0605001D52ED /* Base */,
			);
			name = LaunchScreen.storyboard;
			sourceTree = "<group>";
		};
/* End PBXVariantGroup section */

/* Begin XCBuildConfiguration section */
		638A9CFA1FBA0605001D52ED /* Debug */ = {
			isa = XCBuildConfiguration;
			buildSettings = {
				ALWAYS_SEARCH_USER_PATHS = NO;
				CLANG_ANALYZER_NONNULL = YES;
				CLANG_ANALYZER_NUMBER_OBJECT_CONVERSION = YES_AGGRESSIVE;
				CLANG_CXX_LANGUAGE_STANDARD = "gnu++14";
				CLANG_CXX_LIBRARY = "libc++";
				CLANG_ENABLE_MODULES = YES;
				CLANG_ENABLE_OBJC_ARC = YES;
				CLANG_WARN_BLOCK_CAPTURE_AUTORELEASING = YES;
				CLANG_WARN_BOOL_CONVERSION = YES;
				CLANG_WARN_COMMA = YES;
				CLANG_WARN_CONSTANT_CONVERSION = YES;
				CLANG_WARN_DEPRECATED_OBJC_IMPLEMENTATIONS = YES;
				CLANG_WARN_DIRECT_OBJC_ISA_USAGE = YES_ERROR;
				CLANG_WARN_DOCUMENTATION_COMMENTS = YES;
				CLANG_WARN_EMPTY_BODY = YES;
				CLANG_WARN_ENUM_CONVERSION = YES;
				CLANG_WARN_INFINITE_RECURSION = YES;
				CLANG_WARN_INT_CONVERSION = YES;
				CLANG_WARN_NON_LITERAL_NULL_CONVERSION = YES;
				CLANG_WARN_OBJC_IMPLICIT_RETAIN_SELF = YES;
				CLANG_WARN_OBJC_LITERAL_CONVERSION = YES;
				CLANG_WARN_OBJC_ROOT_CLASS = YES_ERROR;
				CLANG_WARN_RANGE_LOOP_ANALYSIS = YES;
				CLANG_WARN_STRICT_PROTOTYPES = YES;
				CLANG_WARN_SUSPICIOUS_MOVE = YES;
				CLANG_WARN_UNGUARDED_AVAILABILITY = YES_AGGRESSIVE;
				CLANG_WARN_UNREACHABLE_CODE = YES;
				CLANG_WARN__DUPLICATE_METHOD_MATCH = YES;
				CODE_SIGN_IDENTITY = "iPhone Developer";
				COPY_PHASE_STRIP = NO;
				DEBUG_INFORMATION_FORMAT = dwarf;
				ENABLE_STRICT_OBJC_MSGSEND = YES;
				ENABLE_TESTABILITY = YES;
				GCC_C_LANGUAGE_STANDARD = gnu11;
				GCC_DYNAMIC_NO_PIC = NO;
				GCC_NO_COMMON_BLOCKS = YES;
				GCC_OPTIMIZATION_LEVEL = 0;
				GCC_PREPROCESSOR_DEFINITIONS = (
					"DEBUG=1",
					"$(inherited)",
				);
				GCC_WARN_64_TO_32_BIT_CONVERSION = YES;
				GCC_WARN_ABOUT_RETURN_TYPE = YES_ERROR;
				GCC_WARN_UNDECLARED_SELECTOR = YES;
				GCC_WARN_UNINITIALIZED_AUTOS = YES_AGGRESSIVE;
				GCC_WARN_UNUSED_FUNCTION = YES;
				GCC_WARN_UNUSED_VARIABLE = YES;
				IPHONEOS_DEPLOYMENT_TARGET = 11.1;
				MTL_ENABLE_DEBUG_INFO = YES;
				ONLY_ACTIVE_ARCH = YES;
				SDKROOT = iphoneos;
				SWIFT_ACTIVE_COMPILATION_CONDITIONS = DEBUG;
				SWIFT_OPTIMIZATION_LEVEL = "-Onone";
			};
			name = Debug;
		};
		638A9CFB1FBA0605001D52ED /* Release */ = {
			isa = XCBuildConfiguration;
			buildSettings = {
				ALWAYS_SEARCH_USER_PATHS = NO;
				CLANG_ANALYZER_NONNULL = YES;
				CLANG_ANALYZER_NUMBER_OBJECT_CONVERSION = YES_AGGRESSIVE;
				CLANG_CXX_LANGUAGE_STANDARD = "gnu++14";
				CLANG_CXX_LIBRARY = "libc++";
				CLANG_ENABLE_MODULES = YES;
				CLANG_ENABLE_OBJC_ARC = YES;
				CLANG_WARN_BLOCK_CAPTURE_AUTORELEASING = YES;
				CLANG_WARN_BOOL_CONVERSION = YES;
				CLANG_WARN_COMMA = YES;
				CLANG_WARN_CONSTANT_CONVERSION = YES;
				CLANG_WARN_DEPRECATED_OBJC_IMPLEMENTATIONS = YES;
				CLANG_WARN_DIRECT_OBJC_ISA_USAGE = YES_ERROR;
				CLANG_WARN_DOCUMENTATION_COMMENTS = YES;
				CLANG_WARN_EMPTY_BODY = YES;
				CLANG_WARN_ENUM_CONVERSION = YES;
				CLANG_WARN_INFINITE_RECURSION = YES;
				CLANG_WARN_INT_CONVERSION = YES;
				CLANG_WARN_NON_LITERAL_NULL_CONVERSION = YES;
				CLANG_WARN_OBJC_IMPLICIT_RETAIN_SELF = YES;
				CLANG_WARN_OBJC_LITERAL_CONVERSION = YES;
				CLANG_WARN_OBJC_ROOT_CLASS = YES_ERROR;
				CLANG_WARN_RANGE_LOOP_ANALYSIS = YES;
				CLANG_WARN_STRICT_PROTOTYPES = YES;
				CLANG_WARN_SUSPICIOUS_MOVE = YES;
				CLANG_WARN_UNGUARDED_AVAILABILITY = YES_AGGRESSIVE;
				CLANG_WARN_UNREACHABLE_CODE = YES;
				CLANG_WARN__DUPLICATE_METHOD_MATCH = YES;
				CODE_SIGN_IDENTITY = "iPhone Developer";
				COPY_PHASE_STRIP = NO;
				DEBUG_INFORMATION_FORMAT = "dwarf-with-dsym";
				ENABLE_NS_ASSERTIONS = NO;
				ENABLE_STRICT_OBJC_MSGSEND = YES;
				GCC_C_LANGUAGE_STANDARD = gnu11;
				GCC_NO_COMMON_BLOCKS = YES;
				GCC_WARN_64_TO_32_BIT_CONVERSION = YES;
				GCC_WARN_ABOUT_RETURN_TYPE = YES_ERROR;
				GCC_WARN_UNDECLARED_SELECTOR = YES;
				GCC_WARN_UNINITIALIZED_AUTOS = YES_AGGRESSIVE;
				GCC_WARN_UNUSED_FUNCTION = YES;
				GCC_WARN_UNUSED_VARIABLE = YES;
				IPHONEOS_DEPLOYMENT_TARGET = 11.1;
				MTL_ENABLE_DEBUG_INFO = NO;
				SDKROOT = iphoneos;
				SWIFT_OPTIMIZATION_LEVEL = "-Owholemodule";
				VALIDATE_PRODUCT = YES;
			};
			name = Release;
		};
		638A9CFD1FBA0605001D52ED /* Debug */ = {
			isa = XCBuildConfiguration;
			buildSettings = {
				ASSETCATALOG_COMPILER_APPICON_NAME = AppIcon;
				CODE_SIGN_STYLE = Automatic;
				DEVELOPMENT_TEAM = G2DJ3Q6TF8;
				INFOPLIST_FILE = "$(SRCROOT)/ARKitHorizontalPlaneDemo/Supporting Files/Info.plist";
				IPHONEOS_DEPLOYMENT_TARGET = 12.0;
				LD_RUNPATH_SEARCH_PATHS = "$(inherited) @executable_path/Frameworks";
				PRODUCT_BUNDLE_IDENTIFIER = com.ARtest2.ARKitHorizontalPlaneDemo;
				PRODUCT_NAME = "$(TARGET_NAME)";
				SWIFT_VERSION = 4.0;
				TARGETED_DEVICE_FAMILY = "1,2";
			};
			name = Debug;
		};
		638A9CFE1FBA0605001D52ED /* Release */ = {
			isa = XCBuildConfiguration;
			buildSettings = {
				ASSETCATALOG_COMPILER_APPICON_NAME = AppIcon;
				CODE_SIGN_STYLE = Automatic;
				DEVELOPMENT_TEAM = G2DJ3Q6TF8;
				INFOPLIST_FILE = "$(SRCROOT)/ARKitHorizontalPlaneDemo/Supporting Files/Info.plist";
				IPHONEOS_DEPLOYMENT_TARGET = 12.0;
				LD_RUNPATH_SEARCH_PATHS = "$(inherited) @executable_path/Frameworks";
				PRODUCT_BUNDLE_IDENTIFIER = com.ARtest2.ARKitHorizontalPlaneDemo;
				PRODUCT_NAME = "$(TARGET_NAME)";
				SWIFT_VERSION = 4.0;
				TARGETED_DEVICE_FAMILY = "1,2";
			};
			name = Release;
		};
/* End XCBuildConfiguration section */

/* Begin XCConfigurationList section */
		638A9CE51FBA0604001D52ED /* Build configuration list for PBXProject "ARKitHorizontalPlaneDemo" */ = {
			isa = XCConfigurationList;
			buildConfigurations = (
				638A9CFA1FBA0605001D52ED /* Debug */,
				638A9CFB1FBA0605001D52ED /* Release */,
			);
			defaultConfigurationIsVisible = 0;
			defaultConfigurationName = Release;
		};
		638A9CFC1FBA0605001D52ED /* Build configuration list for PBXNativeTarget "ARKitHorizontalPlaneDemo" */ = {
			isa = XCConfigurationList;
			buildConfigurations = (
				638A9CFD1FBA0605001D52ED /* Debug */,
				638A9CFE1FBA0605001D52ED /* Release */,
			);
			defaultConfigurationIsVisible = 0;
			defaultConfigurationName = Release;
		};
/* End XCConfigurationList section */
	};
	rootObject = 638A9CE21FBA0604001D52ED /* Project object */;
}
